
Microsoft Visual Studio Solution File, Format Version 12.00
# Visual Studio Version 17
VisualStudioVersion = 17.7.34031.279
MinimumVisualStudioVersion = 10.0.40219.1
Project("{FAE04EC0-301F-11D3-BF4B-00C04F79EFBC}") = "InputAPI", "InputAPI\InputAPI.csproj", "{50B3ABF8-7BA9-416E-8813-258E27A09115}"
EndProject
Global
	GlobalSection(SolutionConfigurationPlatforms) = preSolution
		Debug|Any CPU = Debug|Any CPU
		Release|Any CPU = Release|Any CPU
	EndGlobalSection
	GlobalSection(ProjectConfigurationPlatforms) = postSolution
		{50B3ABF8-7BA9-416E-8813-258E27A09115}.Debug|Any CPU.ActiveCfg = Debug|Any CPU
		{50B3ABF8-7BA9-416E-8813-258E27A09115}.Debug|Any CPU.Build.0 = Debug|Any CPU
		{50B3ABF8-7BA9-416E-8813-258E27A09115}.Release|Any CPU.ActiveCfg = Release|Any CPU
		{50B3ABF8-7BA9-416E-8813-258E27A09115}.Release|Any CPU.Build.0 = Release|Any CPU
	EndGlobalSection
	GlobalSection(SolutionProperties) = preSolution
		HideSolutionNode = FALSE
	EndGlobalSection
	GlobalSection(ExtensibilityGlobals) = postSolution
		SolutionGuid = {181E6D69-C0D0-4F5B-8D5A-0C21B5EC8638}
	EndGlobalSection
EndGlobal
