
Microsoft Visual Studio Solution File, Format Version 12.00
# Visual Studio Version 17
VisualStudioVersion = 17.7.34031.279
MinimumVisualStudioVersion = 10.0.40219.1
Project("{9A19103F-16F7-4668-BE54-9A1E7A4F7556}") = "InputAPI", "InputAPI.csproj", "{70928C70-F68F-40F3-B40E-E723F0C30BC7}"
EndProject
Global
	GlobalSection(SolutionConfigurationPlatforms) = preSolution
		Debug|Any CPU = Debug|Any CPU
		Release|Any CPU = Release|Any CPU
	EndGlobalSection
	GlobalSection(ProjectConfigurationPlatforms) = postSolution
		{70928C70-F68F-40F3-B40E-E723F0C30BC7}.Debug|Any CPU.ActiveCfg = Debug|Any CPU
		{70928C70-F68F-40F3-B40E-E723F0C30BC7}.Debug|Any CPU.Build.0 = Debug|Any CPU
		{70928C70-F68F-40F3-B40E-E723F0C30BC7}.Release|Any CPU.ActiveCfg = Release|Any CPU
		{70928C70-F68F-40F3-B40E-E723F0C30BC7}.Release|Any CPU.Build.0 = Release|Any CPU
	EndGlobalSection
	GlobalSection(SolutionProperties) = preSolution
		HideSolutionNode = FALSE
	EndGlobalSection
	GlobalSection(ExtensibilityGlobals) = postSolution
		SolutionGuid = {DE3CF2B3-2BBB-43E2-8AF0-E0E39363E396}
	EndGlobalSection
EndGlobal
